
Microsoft Visual Studio Solution File, Format Version 12.00
# Visual Studio Version 17
VisualStudioVersion = 17.9.34607.119
MinimumVisualStudioVersion = 10.0.40219.1
Project("{FAE04EC0-301F-11D3-BF4B-00C04F79EFBC}") = "TesteSimples", "TesteSimples\TesteSimples.csproj", "{F099179A-5A8F-4EF0-89F6-20169529C96E}"
EndProject
Global
	GlobalSection(SolutionConfigurationPlatforms) = preSolution
		Debug|Any CPU = Debug|Any CPU
		Release|Any CPU = Release|Any CPU
	EndGlobalSection
	GlobalSection(ProjectConfigurationPlatforms) = postSolution
		{F099179A-5A8F-4EF0-89F6-20169529C96E}.Debug|Any CPU.ActiveCfg = Debug|Any CPU
		{F099179A-5A8F-4EF0-89F6-20169529C96E}.Debug|Any CPU.Build.0 = Debug|Any CPU
		{F099179A-5A8F-4EF0-89F6-20169529C96E}.Release|Any CPU.ActiveCfg = Release|Any CPU
		{F099179A-5A8F-4EF0-89F6-20169529C96E}.Release|Any CPU.Build.0 = Release|Any CPU
	EndGlobalSection
	GlobalSection(SolutionProperties) = preSolution
		HideSolutionNode = FALSE
	EndGlobalSection
	GlobalSection(ExtensibilityGlobals) = postSolution
		SolutionGuid = {EE348943-BA49-474C-9A87-F91C256452AD}
	EndGlobalSection
EndGlobal
